// !$*UTF8*$!
{
	archiveVersion = 1;
	classes = {
	};
	objectVersion = 55;
	objects = {

/* Begin PBXBuildFile section */
		31277542286431470073B6F2 /* DiaryHashable.swift in Sources */ = {isa = PBXBuildFile; fileRef = 31277541286431470073B6F2 /* DiaryHashable.swift */; };
		31480E742862EA26003A301B /* Utitliy.swift in Sources */ = {isa = PBXBuildFile; fileRef = 31480E732862EA26003A301B /* Utitliy.swift */; };
		317EF23D285C4A270029F3FF /* Platform.swift in Sources */ = {isa = PBXBuildFile; fileRef = 317EF23C285C4A270029F3FF /* Platform.swift */; };
		317EF23F285C4D7F0029F3FF /* Extension.swift in Sources */ = {isa = PBXBuildFile; fileRef = 317EF23E285C4D7F0029F3FF /* Extension.swift */; };
		317EF242285C62240029F3FF /* PlantEditing.storyboard in Resources */ = {isa = PBXBuildFile; fileRef = 317EF241285C62240029F3FF /* PlantEditing.storyboard */; };
		317EF244285C62450029F3FF /* PlantEditingViewController.swift in Sources */ = {isa = PBXBuildFile; fileRef = 317EF243285C62450029F3FF /* PlantEditingViewController.swift */; };
		31A4271A2861A04400FD0138 /* PlantsEntity.swift in Sources */ = {isa = PBXBuildFile; fileRef = 31A427192861A04400FD0138 /* PlantsEntity.swift */; };
		31A4271C2861A07700FD0138 /* DiaryEntity.swift in Sources */ = {isa = PBXBuildFile; fileRef = 31A4271B2861A07700FD0138 /* DiaryEntity.swift */; };
		31A4271E2862E8E900FD0138 /* DiaryRealm.swift in Sources */ = {isa = PBXBuildFile; fileRef = 31A4271D2862E8E900FD0138 /* DiaryRealm.swift */; };
		31C595852859BA87007F9D37 /* PlantHashable.swift in Sources */ = {isa = PBXBuildFile; fileRef = 31C595842859BA87007F9D37 /* PlantHashable.swift */; };
		31C595872859BEDA007F9D37 /* ImageFileManager.swift in Sources */ = {isa = PBXBuildFile; fileRef = 31C595862859BEDA007F9D37 /* ImageFileManager.swift */; };
		31C595892859C866007F9D37 /* HomeCollectionViewCell.swift in Sources */ = {isa = PBXBuildFile; fileRef = 31C595882859C866007F9D37 /* HomeCollectionViewCell.swift */; };
		31C9D04328643653009CC3FC /* MyPlantDiaryCollectionViewCell.swift in Sources */ = {isa = PBXBuildFile; fileRef = 31C9D04228643653009CC3FC /* MyPlantDiaryCollectionViewCell.swift */; };
		31E9642928508488008D2C52 /* AppDelegate.swift in Sources */ = {isa = PBXBuildFile; fileRef = 31E9642828508488008D2C52 /* AppDelegate.swift */; };
		31E9642B28508488008D2C52 /* SceneDelegate.swift in Sources */ = {isa = PBXBuildFile; fileRef = 31E9642A28508488008D2C52 /* SceneDelegate.swift */; };
		31E9643028508488008D2C52 /* Home.storyboard in Resources */ = {isa = PBXBuildFile; fileRef = 31E9642E28508488008D2C52 /* Home.storyboard */; };
		31E964322850848A008D2C52 /* Assets.xcassets in Resources */ = {isa = PBXBuildFile; fileRef = 31E964312850848A008D2C52 /* Assets.xcassets */; };
		31E964352850848A008D2C52 /* LaunchScreen.storyboard in Resources */ = {isa = PBXBuildFile; fileRef = 31E964332850848A008D2C52 /* LaunchScreen.storyboard */; };
		31E964402850848B008D2C52 /* GrowingPlantsTests.swift in Sources */ = {isa = PBXBuildFile; fileRef = 31E9643F2850848B008D2C52 /* GrowingPlantsTests.swift */; };
		31E9644A2850848B008D2C52 /* GrowingPlantsUITests.swift in Sources */ = {isa = PBXBuildFile; fileRef = 31E964492850848B008D2C52 /* GrowingPlantsUITests.swift */; };
		31E9644C2850848B008D2C52 /* GrowingPlantsUITestsLaunchTests.swift in Sources */ = {isa = PBXBuildFile; fileRef = 31E9644B2850848B008D2C52 /* GrowingPlantsUITestsLaunchTests.swift */; };
		31E9645D28508CFD008D2C52 /* HomeViewController.swift in Sources */ = {isa = PBXBuildFile; fileRef = 31E9645C28508CFD008D2C52 /* HomeViewController.swift */; };
		31E964A02855B6EC008D2C52 /* Register.storyboard in Resources */ = {isa = PBXBuildFile; fileRef = 31E9649F2855B6EC008D2C52 /* Register.storyboard */; };
		31E964A22855B6FA008D2C52 /* RegisterViewController.swift in Sources */ = {isa = PBXBuildFile; fileRef = 31E964A12855B6FA008D2C52 /* RegisterViewController.swift */; };
		31E964A528570CDC008D2C52 /* Realm in Frameworks */ = {isa = PBXBuildFile; productRef = 31E964A428570CDC008D2C52 /* Realm */; };
		31E964A728570CDC008D2C52 /* RealmSwift in Frameworks */ = {isa = PBXBuildFile; productRef = 31E964A628570CDC008D2C52 /* RealmSwift */; };
		31E964AB28570D5E008D2C52 /* PlantsRealm.swift in Sources */ = {isa = PBXBuildFile; fileRef = 31E964AA28570D5E008D2C52 /* PlantsRealm.swift */; };
		31E964B32857167B008D2C52 /* WeekEntity.swift in Sources */ = {isa = PBXBuildFile; fileRef = 31E964B22857167B008D2C52 /* WeekEntity.swift */; };
		31E964B528572D9B008D2C52 /* ShowPopup.swift in Sources */ = {isa = PBXBuildFile; fileRef = 31E964B428572D9B008D2C52 /* ShowPopup.swift */; };
		31F93835285EF6220023D973 /* LocalNotificationUtility.swift in Sources */ = {isa = PBXBuildFile; fileRef = 31F93834285EF6220023D973 /* LocalNotificationUtility.swift */; };
		31F93838285F05E70023D973 /* MyPlantDiary.storyboard in Resources */ = {isa = PBXBuildFile; fileRef = 31F93837285F05E70023D973 /* MyPlantDiary.storyboard */; };
		31F9383A285F05F80023D973 /* MyPlantDiaryViewController.swift in Sources */ = {isa = PBXBuildFile; fileRef = 31F93839285F05F80023D973 /* MyPlantDiaryViewController.swift */; };
		31F9383D285F0C5F0023D973 /* RegisterDiary.storyboard in Resources */ = {isa = PBXBuildFile; fileRef = 31F9383C285F0C5F0023D973 /* RegisterDiary.storyboard */; };
		31F9383F285F0C740023D973 /* RegisterDiaryViewController.swift in Sources */ = {isa = PBXBuildFile; fileRef = 31F9383E285F0C740023D973 /* RegisterDiaryViewController.swift */; };
/* End PBXBuildFile section */

/* Begin PBXContainerItemProxy section */
		31E9643C2850848B008D2C52 /* PBXContainerItemProxy */ = {
			isa = PBXContainerItemProxy;
			containerPortal = 31E9641D28508488008D2C52 /* Project object */;
			proxyType = 1;
			remoteGlobalIDString = 31E9642428508488008D2C52;
			remoteInfo = GrowingPlants;
		};
		31E964462850848B008D2C52 /* PBXContainerItemProxy */ = {
			isa = PBXContainerItemProxy;
			containerPortal = 31E9641D28508488008D2C52 /* Project object */;
			proxyType = 1;
			remoteGlobalIDString = 31E9642428508488008D2C52;
			remoteInfo = GrowingPlants;
		};
/* End PBXContainerItemProxy section */

/* Begin PBXFileReference section */
		31277541286431470073B6F2 /* DiaryHashable.swift */ = {isa = PBXFileReference; lastKnownFileType = sourcecode.swift; path = DiaryHashable.swift; sourceTree = "<group>"; };
		31480E732862EA26003A301B /* Utitliy.swift */ = {isa = PBXFileReference; lastKnownFileType = sourcecode.swift; path = Utitliy.swift; sourceTree = "<group>"; };
		317EF23C285C4A270029F3FF /* Platform.swift */ = {isa = PBXFileReference; lastKnownFileType = sourcecode.swift; path = Platform.swift; sourceTree = "<group>"; };
		317EF23E285C4D7F0029F3FF /* Extension.swift */ = {isa = PBXFileReference; lastKnownFileType = sourcecode.swift; path = Extension.swift; sourceTree = "<group>"; };
		317EF241285C62240029F3FF /* PlantEditing.storyboard */ = {isa = PBXFileReference; lastKnownFileType = file.storyboard; path = PlantEditing.storyboard; sourceTree = "<group>"; };
		317EF243285C62450029F3FF /* PlantEditingViewController.swift */ = {isa = PBXFileReference; lastKnownFileType = sourcecode.swift; path = PlantEditingViewController.swift; sourceTree = "<group>"; };
		31A427192861A04400FD0138 /* PlantsEntity.swift */ = {isa = PBXFileReference; lastKnownFileType = sourcecode.swift; path = PlantsEntity.swift; sourceTree = "<group>"; };
		31A4271B2861A07700FD0138 /* DiaryEntity.swift */ = {isa = PBXFileReference; lastKnownFileType = sourcecode.swift; path = DiaryEntity.swift; sourceTree = "<group>"; };
		31A4271D2862E8E900FD0138 /* DiaryRealm.swift */ = {isa = PBXFileReference; lastKnownFileType = sourcecode.swift; path = DiaryRealm.swift; sourceTree = "<group>"; };
		31C595842859BA87007F9D37 /* PlantHashable.swift */ = {isa = PBXFileReference; lastKnownFileType = sourcecode.swift; path = PlantHashable.swift; sourceTree = "<group>"; };
		31C595862859BEDA007F9D37 /* ImageFileManager.swift */ = {isa = PBXFileReference; lastKnownFileType = sourcecode.swift; path = ImageFileManager.swift; sourceTree = "<group>"; };
		31C595882859C866007F9D37 /* HomeCollectionViewCell.swift */ = {isa = PBXFileReference; lastKnownFileType = sourcecode.swift; path = HomeCollectionViewCell.swift; sourceTree = "<group>"; };
		31C9D04228643653009CC3FC /* MyPlantDiaryCollectionViewCell.swift */ = {isa = PBXFileReference; lastKnownFileType = sourcecode.swift; path = MyPlantDiaryCollectionViewCell.swift; sourceTree = "<group>"; };
		31E9642528508488008D2C52 /* GrowingPlants.app */ = {isa = PBXFileReference; explicitFileType = wrapper.application; includeInIndex = 0; path = GrowingPlants.app; sourceTree = BUILT_PRODUCTS_DIR; };
		31E9642828508488008D2C52 /* AppDelegate.swift */ = {isa = PBXFileReference; lastKnownFileType = sourcecode.swift; path = AppDelegate.swift; sourceTree = "<group>"; };
		31E9642A28508488008D2C52 /* SceneDelegate.swift */ = {isa = PBXFileReference; lastKnownFileType = sourcecode.swift; path = SceneDelegate.swift; sourceTree = "<group>"; };
		31E9642F28508488008D2C52 /* Base */ = {isa = PBXFileReference; lastKnownFileType = file.storyboard; name = Base; path = Base.lproj/Home.storyboard; sourceTree = "<group>"; };
		31E964312850848A008D2C52 /* Assets.xcassets */ = {isa = PBXFileReference; lastKnownFileType = folder.assetcatalog; path = Assets.xcassets; sourceTree = "<group>"; };
		31E964342850848A008D2C52 /* Base */ = {isa = PBXFileReference; lastKnownFileType = file.storyboard; name = Base; path = Base.lproj/LaunchScreen.storyboard; sourceTree = "<group>"; };
		31E964362850848A008D2C52 /* Info.plist */ = {isa = PBXFileReference; lastKnownFileType = text.plist.xml; path = Info.plist; sourceTree = "<group>"; };
		31E9643B2850848B008D2C52 /* GrowingPlantsTests.xctest */ = {isa = PBXFileReference; explicitFileType = wrapper.cfbundle; includeInIndex = 0; path = GrowingPlantsTests.xctest; sourceTree = BUILT_PRODUCTS_DIR; };
		31E9643F2850848B008D2C52 /* GrowingPlantsTests.swift */ = {isa = PBXFileReference; lastKnownFileType = sourcecode.swift; path = GrowingPlantsTests.swift; sourceTree = "<group>"; };
		31E964452850848B008D2C52 /* GrowingPlantsUITests.xctest */ = {isa = PBXFileReference; explicitFileType = wrapper.cfbundle; includeInIndex = 0; path = GrowingPlantsUITests.xctest; sourceTree = BUILT_PRODUCTS_DIR; };
		31E964492850848B008D2C52 /* GrowingPlantsUITests.swift */ = {isa = PBXFileReference; lastKnownFileType = sourcecode.swift; path = GrowingPlantsUITests.swift; sourceTree = "<group>"; };
		31E9644B2850848B008D2C52 /* GrowingPlantsUITestsLaunchTests.swift */ = {isa = PBXFileReference; lastKnownFileType = sourcecode.swift; path = GrowingPlantsUITestsLaunchTests.swift; sourceTree = "<group>"; };
		31E9645C28508CFD008D2C52 /* HomeViewController.swift */ = {isa = PBXFileReference; lastKnownFileType = sourcecode.swift; path = HomeViewController.swift; sourceTree = "<group>"; };
		31E9649F2855B6EC008D2C52 /* Register.storyboard */ = {isa = PBXFileReference; lastKnownFileType = file.storyboard; path = Register.storyboard; sourceTree = "<group>"; };
		31E964A12855B6FA008D2C52 /* RegisterViewController.swift */ = {isa = PBXFileReference; lastKnownFileType = sourcecode.swift; path = RegisterViewController.swift; sourceTree = "<group>"; };
		31E964AA28570D5E008D2C52 /* PlantsRealm.swift */ = {isa = PBXFileReference; lastKnownFileType = sourcecode.swift; path = PlantsRealm.swift; sourceTree = "<group>"; };
		31E964B22857167B008D2C52 /* WeekEntity.swift */ = {isa = PBXFileReference; lastKnownFileType = sourcecode.swift; path = WeekEntity.swift; sourceTree = "<group>"; };
		31E964B428572D9B008D2C52 /* ShowPopup.swift */ = {isa = PBXFileReference; lastKnownFileType = sourcecode.swift; path = ShowPopup.swift; sourceTree = "<group>"; };
		31F93834285EF6220023D973 /* LocalNotificationUtility.swift */ = {isa = PBXFileReference; lastKnownFileType = sourcecode.swift; path = LocalNotificationUtility.swift; sourceTree = "<group>"; };
		31F93837285F05E70023D973 /* MyPlantDiary.storyboard */ = {isa = PBXFileReference; lastKnownFileType = file.storyboard; path = MyPlantDiary.storyboard; sourceTree = "<group>"; };
		31F93839285F05F80023D973 /* MyPlantDiaryViewController.swift */ = {isa = PBXFileReference; lastKnownFileType = sourcecode.swift; path = MyPlantDiaryViewController.swift; sourceTree = "<group>"; };
		31F9383C285F0C5F0023D973 /* RegisterDiary.storyboard */ = {isa = PBXFileReference; lastKnownFileType = file.storyboard; path = RegisterDiary.storyboard; sourceTree = "<group>"; };
		31F9383E285F0C740023D973 /* RegisterDiaryViewController.swift */ = {isa = PBXFileReference; lastKnownFileType = sourcecode.swift; path = RegisterDiaryViewController.swift; sourceTree = "<group>"; };
/* End PBXFileReference section */

/* Begin PBXFrameworksBuildPhase section */
		31E9642228508488008D2C52 /* Frameworks */ = {
			isa = PBXFrameworksBuildPhase;
			buildActionMask = 2147483647;
			files = (
				31E964A728570CDC008D2C52 /* RealmSwift in Frameworks */,
				31E964A528570CDC008D2C52 /* Realm in Frameworks */,
			);
			runOnlyForDeploymentPostprocessing = 0;
		};
		31E964382850848B008D2C52 /* Frameworks */ = {
			isa = PBXFrameworksBuildPhase;
			buildActionMask = 2147483647;
			files = (
			);
			runOnlyForDeploymentPostprocessing = 0;
		};
		31E964422850848B008D2C52 /* Frameworks */ = {
			isa = PBXFrameworksBuildPhase;
			buildActionMask = 2147483647;
			files = (
			);
			runOnlyForDeploymentPostprocessing = 0;
		};
/* End PBXFrameworksBuildPhase section */

/* Begin PBXGroup section */
		317EF240285C61FC0029F3FF /* PlantEditing */ = {
			isa = PBXGroup;
			children = (
				317EF241285C62240029F3FF /* PlantEditing.storyboard */,
				317EF243285C62450029F3FF /* PlantEditingViewController.swift */,
			);
			path = PlantEditing;
			sourceTree = "<group>";
		};
		31A427182861A01E00FD0138 /* Diary */ = {
			isa = PBXGroup;
			children = (
				31A4271D2862E8E900FD0138 /* DiaryRealm.swift */,
				31A4271B2861A07700FD0138 /* DiaryEntity.swift */,
			);
			path = Diary;
			sourceTree = "<group>";
		};
		31E9641C28508488008D2C52 = {
			isa = PBXGroup;
			children = (
				31E9642728508488008D2C52 /* GrowingPlants */,
				31E9643E2850848B008D2C52 /* GrowingPlantsTests */,
				31E964482850848B008D2C52 /* GrowingPlantsUITests */,
				31E9642628508488008D2C52 /* Products */,
			);
			sourceTree = "<group>";
		};
		31E9642628508488008D2C52 /* Products */ = {
			isa = PBXGroup;
			children = (
				31E9642528508488008D2C52 /* GrowingPlants.app */,
				31E9643B2850848B008D2C52 /* GrowingPlantsTests.xctest */,
				31E964452850848B008D2C52 /* GrowingPlantsUITests.xctest */,
			);
			name = Products;
			sourceTree = "<group>";
		};
		31E9642728508488008D2C52 /* GrowingPlants */ = {
			isa = PBXGroup;
			children = (
				31E964B128571673008D2C52 /* Entitiy */,
				31E964A828570D36008D2C52 /* Repository */,
				31E9645828508499008D2C52 /* View */,
				31E964AC28570F3D008D2C52 /* Utility */,
				31E9642828508488008D2C52 /* AppDelegate.swift */,
				31E9642A28508488008D2C52 /* SceneDelegate.swift */,
				31E964312850848A008D2C52 /* Assets.xcassets */,
				31E964332850848A008D2C52 /* LaunchScreen.storyboard */,
				31E964362850848A008D2C52 /* Info.plist */,
			);
			path = GrowingPlants;
			sourceTree = "<group>";
		};
		31E9643E2850848B008D2C52 /* GrowingPlantsTests */ = {
			isa = PBXGroup;
			children = (
				31E9643F2850848B008D2C52 /* GrowingPlantsTests.swift */,
			);
			path = GrowingPlantsTests;
			sourceTree = "<group>";
		};
		31E964482850848B008D2C52 /* GrowingPlantsUITests */ = {
			isa = PBXGroup;
			children = (
				31E964492850848B008D2C52 /* GrowingPlantsUITests.swift */,
				31E9644B2850848B008D2C52 /* GrowingPlantsUITestsLaunchTests.swift */,
			);
			path = GrowingPlantsUITests;
			sourceTree = "<group>";
		};
		31E9645828508499008D2C52 /* View */ = {
			isa = PBXGroup;
			children = (
				31E96459285084A1008D2C52 /* Home */,
				31E9649E2855B6DB008D2C52 /* Register */,
				317EF240285C61FC0029F3FF /* PlantEditing */,
				31F93836285F05C20023D973 /* MyPlantDiary */,
				31F9383B285F0C3A0023D973 /* RegisterDiary */,
			);
			path = View;
			sourceTree = "<group>";
		};
		31E96459285084A1008D2C52 /* Home */ = {
			isa = PBXGroup;
			children = (
				31E9642E28508488008D2C52 /* Home.storyboard */,
				31E9645C28508CFD008D2C52 /* HomeViewController.swift */,
				31C595882859C866007F9D37 /* HomeCollectionViewCell.swift */,
			);
			path = Home;
			sourceTree = "<group>";
		};
		31E9649E2855B6DB008D2C52 /* Register */ = {
			isa = PBXGroup;
			children = (
				31E9649F2855B6EC008D2C52 /* Register.storyboard */,
				31E964A12855B6FA008D2C52 /* RegisterViewController.swift */,
			);
			path = Register;
			sourceTree = "<group>";
		};
		31E964A828570D36008D2C52 /* Repository */ = {
			isa = PBXGroup;
			children = (
				31E964A928570D3D008D2C52 /* Plants */,
				31A427182861A01E00FD0138 /* Diary */,
			);
			path = Repository;
			sourceTree = "<group>";
		};
		31E964A928570D3D008D2C52 /* Plants */ = {
			isa = PBXGroup;
			children = (
				31E964AA28570D5E008D2C52 /* PlantsRealm.swift */,
				31A427192861A04400FD0138 /* PlantsEntity.swift */,
			);
			path = Plants;
			sourceTree = "<group>";
		};
		31E964AC28570F3D008D2C52 /* Utility */ = {
			isa = PBXGroup;
			children = (
				31E964B428572D9B008D2C52 /* ShowPopup.swift */,
				31C595862859BEDA007F9D37 /* ImageFileManager.swift */,
				317EF23C285C4A270029F3FF /* Platform.swift */,
				317EF23E285C4D7F0029F3FF /* Extension.swift */,
				31F93834285EF6220023D973 /* LocalNotificationUtility.swift */,
				31480E732862EA26003A301B /* Utitliy.swift */,
			);
			path = Utility;
			sourceTree = "<group>";
		};
		31E964B128571673008D2C52 /* Entitiy */ = {
			isa = PBXGroup;
			children = (
				31E964B22857167B008D2C52 /* WeekEntity.swift */,
				31C595842859BA87007F9D37 /* PlantHashable.swift */,
				31277541286431470073B6F2 /* DiaryHashable.swift */,
			);
			path = Entitiy;
			sourceTree = "<group>";
		};
		31F93836285F05C20023D973 /* MyPlantDiary */ = {
			isa = PBXGroup;
			children = (
				31F93837285F05E70023D973 /* MyPlantDiary.storyboard */,
				31F93839285F05F80023D973 /* MyPlantDiaryViewController.swift */,
				31C9D04228643653009CC3FC /* MyPlantDiaryCollectionViewCell.swift */,
			);
			path = MyPlantDiary;
			sourceTree = "<group>";
		};
		31F9383B285F0C3A0023D973 /* RegisterDiary */ = {
			isa = PBXGroup;
			children = (
				31F9383C285F0C5F0023D973 /* RegisterDiary.storyboard */,
				31F9383E285F0C740023D973 /* RegisterDiaryViewController.swift */,
			);
			path = RegisterDiary;
			sourceTree = "<group>";
		};
/* End PBXGroup section */

/* Begin PBXNativeTarget section */
		31E9642428508488008D2C52 /* GrowingPlants */ = {
			isa = PBXNativeTarget;
			buildConfigurationList = 31E9644F2850848B008D2C52 /* Build configuration list for PBXNativeTarget "GrowingPlants" */;
			buildPhases = (
				31E9642128508488008D2C52 /* Sources */,
				31E9642228508488008D2C52 /* Frameworks */,
				31E9642328508488008D2C52 /* Resources */,
			);
			buildRules = (
			);
			dependencies = (
			);
			name = GrowingPlants;
			packageProductDependencies = (
				31E964A428570CDC008D2C52 /* Realm */,
				31E964A628570CDC008D2C52 /* RealmSwift */,
			);
			productName = GrowingPlants;
			productReference = 31E9642528508488008D2C52 /* GrowingPlants.app */;
			productType = "com.apple.product-type.application";
		};
		31E9643A2850848B008D2C52 /* GrowingPlantsTests */ = {
			isa = PBXNativeTarget;
			buildConfigurationList = 31E964522850848B008D2C52 /* Build configuration list for PBXNativeTarget "GrowingPlantsTests" */;
			buildPhases = (
				31E964372850848B008D2C52 /* Sources */,
				31E964382850848B008D2C52 /* Frameworks */,
				31E964392850848B008D2C52 /* Resources */,
			);
			buildRules = (
			);
			dependencies = (
				31E9643D2850848B008D2C52 /* PBXTargetDependency */,
			);
			name = GrowingPlantsTests;
			productName = GrowingPlantsTests;
			productReference = 31E9643B2850848B008D2C52 /* GrowingPlantsTests.xctest */;
			productType = "com.apple.product-type.bundle.unit-test";
		};
		31E964442850848B008D2C52 /* GrowingPlantsUITests */ = {
			isa = PBXNativeTarget;
			buildConfigurationList = 31E964552850848B008D2C52 /* Build configuration list for PBXNativeTarget "GrowingPlantsUITests" */;
			buildPhases = (
				31E964412850848B008D2C52 /* Sources */,
				31E964422850848B008D2C52 /* Frameworks */,
				31E964432850848B008D2C52 /* Resources */,
			);
			buildRules = (
			);
			dependencies = (
				31E964472850848B008D2C52 /* PBXTargetDependency */,
			);
			name = GrowingPlantsUITests;
			productName = GrowingPlantsUITests;
			productReference = 31E964452850848B008D2C52 /* GrowingPlantsUITests.xctest */;
			productType = "com.apple.product-type.bundle.ui-testing";
		};
/* End PBXNativeTarget section */

/* Begin PBXProject section */
		31E9641D28508488008D2C52 /* Project object */ = {
			isa = PBXProject;
			attributes = {
				BuildIndependentTargetsInParallel = 1;
				LastSwiftUpdateCheck = 1340;
				LastUpgradeCheck = 1340;
				TargetAttributes = {
					31E9642428508488008D2C52 = {
						CreatedOnToolsVersion = 13.4.1;
					};
					31E9643A2850848B008D2C52 = {
						CreatedOnToolsVersion = 13.4.1;
						TestTargetID = 31E9642428508488008D2C52;
					};
					31E964442850848B008D2C52 = {
						CreatedOnToolsVersion = 13.4.1;
						TestTargetID = 31E9642428508488008D2C52;
					};
				};
			};
			buildConfigurationList = 31E9642028508488008D2C52 /* Build configuration list for PBXProject "GrowingPlants" */;
			compatibilityVersion = "Xcode 13.0";
			developmentRegion = en;
			hasScannedForEncodings = 0;
			knownRegions = (
				en,
				Base,
			);
			mainGroup = 31E9641C28508488008D2C52;
			packageReferences = (
				31E964A328570CDC008D2C52 /* XCRemoteSwiftPackageReference "realm-swift" */,
			);
			productRefGroup = 31E9642628508488008D2C52 /* Products */;
			projectDirPath = "";
			projectRoot = "";
			targets = (
				31E9642428508488008D2C52 /* GrowingPlants */,
				31E9643A2850848B008D2C52 /* GrowingPlantsTests */,
				31E964442850848B008D2C52 /* GrowingPlantsUITests */,
			);
		};
/* End PBXProject section */

/* Begin PBXResourcesBuildPhase section */
		31E9642328508488008D2C52 /* Resources */ = {
			isa = PBXResourcesBuildPhase;
			buildActionMask = 2147483647;
			files = (
				31F9383D285F0C5F0023D973 /* RegisterDiary.storyboard in Resources */,
				31E964352850848A008D2C52 /* LaunchScreen.storyboard in Resources */,
				317EF242285C62240029F3FF /* PlantEditing.storyboard in Resources */,
				31E964322850848A008D2C52 /* Assets.xcassets in Resources */,
				31E9643028508488008D2C52 /* Home.storyboard in Resources */,
				31F93838285F05E70023D973 /* MyPlantDiary.storyboard in Resources */,
				31E964A02855B6EC008D2C52 /* Register.storyboard in Resources */,
			);
			runOnlyForDeploymentPostprocessing = 0;
		};
		31E964392850848B008D2C52 /* Resources */ = {
			isa = PBXResourcesBuildPhase;
			buildActionMask = 2147483647;
			files = (
			);
			runOnlyForDeploymentPostprocessing = 0;
		};
		31E964432850848B008D2C52 /* Resources */ = {
			isa = PBXResourcesBuildPhase;
			buildActionMask = 2147483647;
			files = (
			);
			runOnlyForDeploymentPostprocessing = 0;
		};
/* End PBXResourcesBuildPhase section */

/* Begin PBXSourcesBuildPhase section */
		31E9642128508488008D2C52 /* Sources */ = {
			isa = PBXSourcesBuildPhase;
			buildActionMask = 2147483647;
			files = (
				31E964B528572D9B008D2C52 /* ShowPopup.swift in Sources */,
				31E9642928508488008D2C52 /* AppDelegate.swift in Sources */,
				31E9642B28508488008D2C52 /* SceneDelegate.swift in Sources */,
				31E964AB28570D5E008D2C52 /* PlantsRealm.swift in Sources */,
				31C595852859BA87007F9D37 /* PlantHashable.swift in Sources */,
				31C595892859C866007F9D37 /* HomeCollectionViewCell.swift in Sources */,
				317EF23D285C4A270029F3FF /* Platform.swift in Sources */,
				317EF244285C62450029F3FF /* PlantEditingViewController.swift in Sources */,
				31C9D04328643653009CC3FC /* MyPlantDiaryCollectionViewCell.swift in Sources */,
				31E9645D28508CFD008D2C52 /* HomeViewController.swift in Sources */,
				31277542286431470073B6F2 /* DiaryHashable.swift in Sources */,
				31F93835285EF6220023D973 /* LocalNotificationUtility.swift in Sources */,
				317EF23F285C4D7F0029F3FF /* Extension.swift in Sources */,
				31F9383F285F0C740023D973 /* RegisterDiaryViewController.swift in Sources */,
				31480E742862EA26003A301B /* Utitliy.swift in Sources */,
				31A4271A2861A04400FD0138 /* PlantsEntity.swift in Sources */,
				31E964A22855B6FA008D2C52 /* RegisterViewController.swift in Sources */,
				31A4271C2861A07700FD0138 /* DiaryEntity.swift in Sources */,
				31C595872859BEDA007F9D37 /* ImageFileManager.swift in Sources */,
				31E964B32857167B008D2C52 /* WeekEntity.swift in Sources */,
				31A4271E2862E8E900FD0138 /* DiaryRealm.swift in Sources */,
				31F9383A285F05F80023D973 /* MyPlantDiaryViewController.swift in Sources */,
			);
			runOnlyForDeploymentPostprocessing = 0;
		};
		31E964372850848B008D2C52 /* Sources */ = {
			isa = PBXSourcesBuildPhase;
			buildActionMask = 2147483647;
			files = (
				31E964402850848B008D2C52 /* GrowingPlantsTests.swift in Sources */,
			);
			runOnlyForDeploymentPostprocessing = 0;
		};
		31E964412850848B008D2C52 /* Sources */ = {
			isa = PBXSourcesBuildPhase;
			buildActionMask = 2147483647;
			files = (
				31E9644C2850848B008D2C52 /* GrowingPlantsUITestsLaunchTests.swift in Sources */,
				31E9644A2850848B008D2C52 /* GrowingPlantsUITests.swift in Sources */,
			);
			runOnlyForDeploymentPostprocessing = 0;
		};
/* End PBXSourcesBuildPhase section */

/* Begin PBXTargetDependency section */
		31E9643D2850848B008D2C52 /* PBXTargetDependency */ = {
			isa = PBXTargetDependency;
			target = 31E9642428508488008D2C52 /* GrowingPlants */;
			targetProxy = 31E9643C2850848B008D2C52 /* PBXContainerItemProxy */;
		};
		31E964472850848B008D2C52 /* PBXTargetDependency */ = {
			isa = PBXTargetDependency;
			target = 31E9642428508488008D2C52 /* GrowingPlants */;
			targetProxy = 31E964462850848B008D2C52 /* PBXContainerItemProxy */;
		};
/* End PBXTargetDependency section */

/* Begin PBXVariantGroup section */
		31E9642E28508488008D2C52 /* Home.storyboard */ = {
			isa = PBXVariantGroup;
			children = (
				31E9642F28508488008D2C52 /* Base */,
			);
			name = Home.storyboard;
			sourceTree = "<group>";
		};
		31E964332850848A008D2C52 /* LaunchScreen.storyboard */ = {
			isa = PBXVariantGroup;
			children = (
				31E964342850848A008D2C52 /* Base */,
			);
			name = LaunchScreen.storyboard;
			sourceTree = "<group>";
		};
/* End PBXVariantGroup section */

/* Begin XCBuildConfiguration section */
		31E9644D2850848B008D2C52 /* Debug */ = {
			isa = XCBuildConfiguration;
			buildSettings = {
				ALWAYS_SEARCH_USER_PATHS = NO;
				CLANG_ANALYZER_NONNULL = YES;
				CLANG_ANALYZER_NUMBER_OBJECT_CONVERSION = YES_AGGRESSIVE;
				CLANG_CXX_LANGUAGE_STANDARD = "gnu++17";
				CLANG_ENABLE_MODULES = YES;
				CLANG_ENABLE_OBJC_ARC = YES;
				CLANG_ENABLE_OBJC_WEAK = YES;
				CLANG_WARN_BLOCK_CAPTURE_AUTORELEASING = YES;
				CLANG_WARN_BOOL_CONVERSION = YES;
				CLANG_WARN_COMMA = YES;
				CLANG_WARN_CONSTANT_CONVERSION = YES;
				CLANG_WARN_DEPRECATED_OBJC_IMPLEMENTATIONS = YES;
				CLANG_WARN_DIRECT_OBJC_ISA_USAGE = YES_ERROR;
				CLANG_WARN_DOCUMENTATION_COMMENTS = YES;
				CLANG_WARN_EMPTY_BODY = YES;
				CLANG_WARN_ENUM_CONVERSION = YES;
				CLANG_WARN_INFINITE_RECURSION = YES;
				CLANG_WARN_INT_CONVERSION = YES;
				CLANG_WARN_NON_LITERAL_NULL_CONVERSION = YES;
				CLANG_WARN_OBJC_IMPLICIT_RETAIN_SELF = YES;
				CLANG_WARN_OBJC_LITERAL_CONVERSION = YES;
				CLANG_WARN_OBJC_ROOT_CLASS = YES_ERROR;
				CLANG_WARN_QUOTED_INCLUDE_IN_FRAMEWORK_HEADER = YES;
				CLANG_WARN_RANGE_LOOP_ANALYSIS = YES;
				CLANG_WARN_STRICT_PROTOTYPES = YES;
				CLANG_WARN_SUSPICIOUS_MOVE = YES;
				CLANG_WARN_UNGUARDED_AVAILABILITY = YES_AGGRESSIVE;
				CLANG_WARN_UNREACHABLE_CODE = YES;
				CLANG_WARN__DUPLICATE_METHOD_MATCH = YES;
				COPY_PHASE_STRIP = NO;
				DEBUG_INFORMATION_FORMAT = dwarf;
				ENABLE_STRICT_OBJC_MSGSEND = YES;
				ENABLE_TESTABILITY = YES;
				GCC_C_LANGUAGE_STANDARD = gnu11;
				GCC_DYNAMIC_NO_PIC = NO;
				GCC_NO_COMMON_BLOCKS = YES;
				GCC_OPTIMIZATION_LEVEL = 0;
				GCC_PREPROCESSOR_DEFINITIONS = (
					"DEBUG=1",
					"$(inherited)",
				);
				GCC_WARN_64_TO_32_BIT_CONVERSION = YES;
				GCC_WARN_ABOUT_RETURN_TYPE = YES_ERROR;
				GCC_WARN_UNDECLARED_SELECTOR = YES;
				GCC_WARN_UNINITIALIZED_AUTOS = YES_AGGRESSIVE;
				GCC_WARN_UNUSED_FUNCTION = YES;
				GCC_WARN_UNUSED_VARIABLE = YES;
				IPHONEOS_DEPLOYMENT_TARGET = 15.5;
				MTL_ENABLE_DEBUG_INFO = INCLUDE_SOURCE;
				MTL_FAST_MATH = YES;
				ONLY_ACTIVE_ARCH = YES;
				SDKROOT = iphoneos;
				SWIFT_ACTIVE_COMPILATION_CONDITIONS = DEBUG;
				SWIFT_OPTIMIZATION_LEVEL = "-Onone";
			};
			name = Debug;
		};
		31E9644E2850848B008D2C52 /* Release */ = {
			isa = XCBuildConfiguration;
			buildSettings = {
				ALWAYS_SEARCH_USER_PATHS = NO;
				CLANG_ANALYZER_NONNULL = YES;
				CLANG_ANALYZER_NUMBER_OBJECT_CONVERSION = YES_AGGRESSIVE;
				CLANG_CXX_LANGUAGE_STANDARD = "gnu++17";
				CLANG_ENABLE_MODULES = YES;
				CLANG_ENABLE_OBJC_ARC = YES;
				CLANG_ENABLE_OBJC_WEAK = YES;
				CLANG_WARN_BLOCK_CAPTURE_AUTORELEASING = YES;
				CLANG_WARN_BOOL_CONVERSION = YES;
				CLANG_WARN_COMMA = YES;
				CLANG_WARN_CONSTANT_CONVERSION = YES;
				CLANG_WARN_DEPRECATED_OBJC_IMPLEMENTATIONS = YES;
				CLANG_WARN_DIRECT_OBJC_ISA_USAGE = YES_ERROR;
				CLANG_WARN_DOCUMENTATION_COMMENTS = YES;
				CLANG_WARN_EMPTY_BODY = YES;
				CLANG_WARN_ENUM_CONVERSION = YES;
				CLANG_WARN_INFINITE_RECURSION = YES;
				CLANG_WARN_INT_CONVERSION = YES;
				CLANG_WARN_NON_LITERAL_NULL_CONVERSION = YES;
				CLANG_WARN_OBJC_IMPLICIT_RETAIN_SELF = YES;
				CLANG_WARN_OBJC_LITERAL_CONVERSION = YES;
				CLANG_WARN_OBJC_ROOT_CLASS = YES_ERROR;
				CLANG_WARN_QUOTED_INCLUDE_IN_FRAMEWORK_HEADER = YES;
				CLANG_WARN_RANGE_LOOP_ANALYSIS = YES;
				CLANG_WARN_STRICT_PROTOTYPES = YES;
				CLANG_WARN_SUSPICIOUS_MOVE = YES;
				CLANG_WARN_UNGUARDED_AVAILABILITY = YES_AGGRESSIVE;
				CLANG_WARN_UNREACHABLE_CODE = YES;
				CLANG_WARN__DUPLICATE_METHOD_MATCH = YES;
				COPY_PHASE_STRIP = NO;
				DEBUG_INFORMATION_FORMAT = "dwarf-with-dsym";
				ENABLE_NS_ASSERTIONS = NO;
				ENABLE_STRICT_OBJC_MSGSEND = YES;
				GCC_C_LANGUAGE_STANDARD = gnu11;
				GCC_NO_COMMON_BLOCKS = YES;
				GCC_WARN_64_TO_32_BIT_CONVERSION = YES;
				GCC_WARN_ABOUT_RETURN_TYPE = YES_ERROR;
				GCC_WARN_UNDECLARED_SELECTOR = YES;
				GCC_WARN_UNINITIALIZED_AUTOS = YES_AGGRESSIVE;
				GCC_WARN_UNUSED_FUNCTION = YES;
				GCC_WARN_UNUSED_VARIABLE = YES;
				IPHONEOS_DEPLOYMENT_TARGET = 15.5;
				MTL_ENABLE_DEBUG_INFO = NO;
				MTL_FAST_MATH = YES;
				SDKROOT = iphoneos;
				SWIFT_COMPILATION_MODE = wholemodule;
				SWIFT_OPTIMIZATION_LEVEL = "-O";
				VALIDATE_PRODUCT = YES;
			};
			name = Release;
		};
		31E964502850848B008D2C52 /* Debug */ = {
			isa = XCBuildConfiguration;
			buildSettings = {
				ASSETCATALOG_COMPILER_APPICON_NAME = AppIcon;
				ASSETCATALOG_COMPILER_GLOBAL_ACCENT_COLOR_NAME = AccentColor;
				CODE_SIGN_STYLE = Automatic;
				CURRENT_PROJECT_VERSION = 1;
				DEVELOPMENT_TEAM = H5J82V5SHR;
				GENERATE_INFOPLIST_FILE = YES;
				INFOPLIST_FILE = GrowingPlants/Info.plist;
				INFOPLIST_KEY_UIApplicationSupportsIndirectInputEvents = YES;
				INFOPLIST_KEY_UILaunchStoryboardName = LaunchScreen;
				INFOPLIST_KEY_UIMainStoryboardFile = Home;
				INFOPLIST_KEY_UISupportedInterfaceOrientations_iPad = "UIInterfaceOrientationPortrait UIInterfaceOrientationPortraitUpsideDown UIInterfaceOrientationLandscapeLeft UIInterfaceOrientationLandscapeRight";
				INFOPLIST_KEY_UISupportedInterfaceOrientations_iPhone = "UIInterfaceOrientationPortrait UIInterfaceOrientationLandscapeLeft UIInterfaceOrientationLandscapeRight";
				LD_RUNPATH_SEARCH_PATHS = (
					"$(inherited)",
					"@executable_path/Frameworks",
				);
				MARKETING_VERSION = 1.0;
				PRODUCT_BUNDLE_IDENTIFIER = com.haeseong.GrowingPlants;
				PRODUCT_NAME = "$(TARGET_NAME)";
				SWIFT_EMIT_LOC_STRINGS = YES;
				SWIFT_VERSION = 5.0;
				TARGETED_DEVICE_FAMILY = "1,2";
			};
			name = Debug;
		};
		31E964512850848B008D2C52 /* Release */ = {
			isa = XCBuildConfiguration;
			buildSettings = {
				ASSETCATALOG_COMPILER_APPICON_NAME = AppIcon;
				ASSETCATALOG_COMPILER_GLOBAL_ACCENT_COLOR_NAME = AccentColor;
				CODE_SIGN_STYLE = Automatic;
				CURRENT_PROJECT_VERSION = 1;
				DEVELOPMENT_TEAM = H5J82V5SHR;
				GENERATE_INFOPLIST_FILE = YES;
				INFOPLIST_FILE = GrowingPlants/Info.plist;
				INFOPLIST_KEY_UIApplicationSupportsIndirectInputEvents = YES;
				INFOPLIST_KEY_UILaunchStoryboardName = LaunchScreen;
				INFOPLIST_KEY_UIMainStoryboardFile = Home;
				INFOPLIST_KEY_UISupportedInterfaceOrientations_iPad = "UIInterfaceOrientationPortrait UIInterfaceOrientationPortraitUpsideDown UIInterfaceOrientationLandscapeLeft UIInterfaceOrientationLandscapeRight";
				INFOPLIST_KEY_UISupportedInterfaceOrientations_iPhone = "UIInterfaceOrientationPortrait UIInterfaceOrientationLandscapeLeft UIInterfaceOrientationLandscapeRight";
				LD_RUNPATH_SEARCH_PATHS = (
					"$(inherited)",
					"@executable_path/Frameworks",
				);
				MARKETING_VERSION = 1.0;
				PRODUCT_BUNDLE_IDENTIFIER = com.haeseong.GrowingPlants;
				PRODUCT_NAME = "$(TARGET_NAME)";
				SWIFT_EMIT_LOC_STRINGS = YES;
				SWIFT_VERSION = 5.0;
				TARGETED_DEVICE_FAMILY = "1,2";
			};
			name = Release;
		};
		31E964532850848B008D2C52 /* Debug */ = {
			isa = XCBuildConfiguration;
			buildSettings = {
				ALWAYS_EMBED_SWIFT_STANDARD_LIBRARIES = YES;
				BUNDLE_LOADER = "$(TEST_HOST)";
				CODE_SIGN_STYLE = Automatic;
				CURRENT_PROJECT_VERSION = 1;
				DEVELOPMENT_TEAM = H5J82V5SHR;
				GENERATE_INFOPLIST_FILE = YES;
				IPHONEOS_DEPLOYMENT_TARGET = 15.5;
				MARKETING_VERSION = 1.0;
				PRODUCT_BUNDLE_IDENTIFIER = com.haeseong.GrowingPlantsTests;
				PRODUCT_NAME = "$(TARGET_NAME)";
				SWIFT_EMIT_LOC_STRINGS = NO;
				SWIFT_VERSION = 5.0;
				TARGETED_DEVICE_FAMILY = "1,2";
				TEST_HOST = "$(BUILT_PRODUCTS_DIR)/GrowingPlants.app/GrowingPlants";
			};
			name = Debug;
		};
		31E964542850848B008D2C52 /* Release */ = {
			isa = XCBuildConfiguration;
			buildSettings = {
				ALWAYS_EMBED_SWIFT_STANDARD_LIBRARIES = YES;
				BUNDLE_LOADER = "$(TEST_HOST)";
				CODE_SIGN_STYLE = Automatic;
				CURRENT_PROJECT_VERSION = 1;
				DEVELOPMENT_TEAM = H5J82V5SHR;
				GENERATE_INFOPLIST_FILE = YES;
				IPHONEOS_DEPLOYMENT_TARGET = 15.5;
				MARKETING_VERSION = 1.0;
				PRODUCT_BUNDLE_IDENTIFIER = com.haeseong.GrowingPlantsTests;
				PRODUCT_NAME = "$(TARGET_NAME)";
				SWIFT_EMIT_LOC_STRINGS = NO;
				SWIFT_VERSION = 5.0;
				TARGETED_DEVICE_FAMILY = "1,2";
				TEST_HOST = "$(BUILT_PRODUCTS_DIR)/GrowingPlants.app/GrowingPlants";
			};
			name = Release;
		};
		31E964562850848B008D2C52 /* Debug */ = {
			isa = XCBuildConfiguration;
			buildSettings = {
				ALWAYS_EMBED_SWIFT_STANDARD_LIBRARIES = YES;
				CODE_SIGN_STYLE = Automatic;
				CURRENT_PROJECT_VERSION = 1;
				DEVELOPMENT_TEAM = H5J82V5SHR;
				GENERATE_INFOPLIST_FILE = YES;
				MARKETING_VERSION = 1.0;
				PRODUCT_BUNDLE_IDENTIFIER = com.haeseong.GrowingPlantsUITests;
				PRODUCT_NAME = "$(TARGET_NAME)";
				SWIFT_EMIT_LOC_STRINGS = NO;
				SWIFT_VERSION = 5.0;
				TARGETED_DEVICE_FAMILY = "1,2";
				TEST_TARGET_NAME = GrowingPlants;
			};
			name = Debug;
		};
		31E964572850848B008D2C52 /* Release */ = {
			isa = XCBuildConfiguration;
			buildSettings = {
				ALWAYS_EMBED_SWIFT_STANDARD_LIBRARIES = YES;
				CODE_SIGN_STYLE = Automatic;
				CURRENT_PROJECT_VERSION = 1;
				DEVELOPMENT_TEAM = H5J82V5SHR;
				GENERATE_INFOPLIST_FILE = YES;
				MARKETING_VERSION = 1.0;
				PRODUCT_BUNDLE_IDENTIFIER = com.haeseong.GrowingPlantsUITests;
				PRODUCT_NAME = "$(TARGET_NAME)";
				SWIFT_EMIT_LOC_STRINGS = NO;
				SWIFT_VERSION = 5.0;
				TARGETED_DEVICE_FAMILY = "1,2";
				TEST_TARGET_NAME = GrowingPlants;
			};
			name = Release;
		};
/* End XCBuildConfiguration section */

/* Begin XCConfigurationList section */
		31E9642028508488008D2C52 /* Build configuration list for PBXProject "GrowingPlants" */ = {
			isa = XCConfigurationList;
			buildConfigurations = (
				31E9644D2850848B008D2C52 /* Debug */,
				31E9644E2850848B008D2C52 /* Release */,
			);
			defaultConfigurationIsVisible = 0;
			defaultConfigurationName = Release;
		};
		31E9644F2850848B008D2C52 /* Build configuration list for PBXNativeTarget "GrowingPlants" */ = {
			isa = XCConfigurationList;
			buildConfigurations = (
				31E964502850848B008D2C52 /* Debug */,
				31E964512850848B008D2C52 /* Release */,
			);
			defaultConfigurationIsVisible = 0;
			defaultConfigurationName = Release;
		};
		31E964522850848B008D2C52 /* Build configuration list for PBXNativeTarget "GrowingPlantsTests" */ = {
			isa = XCConfigurationList;
			buildConfigurations = (
				31E964532850848B008D2C52 /* Debug */,
				31E964542850848B008D2C52 /* Release */,
			);
			defaultConfigurationIsVisible = 0;
			defaultConfigurationName = Release;
		};
		31E964552850848B008D2C52 /* Build configuration list for PBXNativeTarget "GrowingPlantsUITests" */ = {
			isa = XCConfigurationList;
			buildConfigurations = (
				31E964562850848B008D2C52 /* Debug */,
				31E964572850848B008D2C52 /* Release */,
			);
			defaultConfigurationIsVisible = 0;
			defaultConfigurationName = Release;
		};
/* End XCConfigurationList section */

/* Begin XCRemoteSwiftPackageReference section */
		31E964A328570CDC008D2C52 /* XCRemoteSwiftPackageReference "realm-swift" */ = {
			isa = XCRemoteSwiftPackageReference;
			repositoryURL = "https://github.com/realm/realm-swift.git";
			requirement = {
				branch = master;
				kind = branch;
			};
		};
/* End XCRemoteSwiftPackageReference section */

/* Begin XCSwiftPackageProductDependency section */
		31E964A428570CDC008D2C52 /* Realm */ = {
			isa = XCSwiftPackageProductDependency;
			package = 31E964A328570CDC008D2C52 /* XCRemoteSwiftPackageReference "realm-swift" */;
			productName = Realm;
		};
		31E964A628570CDC008D2C52 /* RealmSwift */ = {
			isa = XCSwiftPackageProductDependency;
			package = 31E964A328570CDC008D2C52 /* XCRemoteSwiftPackageReference "realm-swift" */;
			productName = RealmSwift;
		};
/* End XCSwiftPackageProductDependency section */
	};
	rootObject = 31E9641D28508488008D2C52 /* Project object */;
}
